<?xml version="1.0" encoding="utf-8"?>
<Project ToolsVersion="4.0" xmlns="http://schemas.microsoft.com/developer/msbuild/2003">
  <ItemGroup>
    <Filter Include="Resource Files">
      <UniqueIdentifier>{4dec0bd5-d3f2-4457-8c3b-6b8b36148f39}</UniqueIdentifier>
    </Filter>
    <Filter Include="Actors">
      <UniqueIdentifier>{e21b17d2-1b47-4476-9be6-17cfde056cf4}</UniqueIdentifier>
    </Filter>
  </ItemGroup>
  <ItemGroup>
    <Image Include="Resource Files\eaeAlien.ico">
      <Filter>Resource Files</Filter>
    </Image>
    <Image Include="Resource Files\eaeGamePad.ico">
      <Filter>Resource Files</Filter>
    </Image>
    <Image Include="Resource Files\vsDefault_large.ico">
      <Filter>Resource Files</Filter>
    </Image>
    <Image Include="Resource Files\vsDefault_small.ico">
      <Filter>Resource Files</Filter>
    </Image>
  </ItemGroup>
  <ItemGroup>
    <ResourceCompile Include="Resource Files\MyGame.rc">
      <Filter>Resource Files</Filter>
    </ResourceCompile>
  </ItemGroup>
  <ItemGroup>
    <ClInclude Include="Resource Files\Resource.h">
      <Filter>Resource Files</Filter>
    </ClInclude>
    <ClInclude Include="Resource Files\targetver.h">
      <Filter>Resource Files</Filter>
    </ClInclude>
    <ClInclude Include="cMyGame.h" />
    <ClInclude Include="Actors\HitTestActor.h">
      <Filter>Actors</Filter>
    </ClInclude>
    <ClInclude Include="Actors\OverlapBeginTestActor.h">
      <Filter>Actors</Filter>
    </ClInclude>
    <ClInclude Include="Actors\OverlapEndTestActor.h">
      <Filter>Actors</Filter>
    </ClInclude>
  </ItemGroup>
  <ItemGroup>
    <ClCompile Include="cMyGame.cpp" />
    <ClCompile Include="EntryPoint.cpp" />
    <ClCompile Include="Actors\HitTestActor.cpp">
      <Filter>Actors</Filter>
    </ClCompile>
    <ClCompile Include="Actors\OverlapBeginTestActor.cpp">
      <Filter>Actors</Filter>
    </ClCompile>
    <ClCompile Include="Actors\OverlapEndTestActor.cpp">
      <Filter>Actors</Filter>
    </ClCompile>
  </ItemGroup>
</Project>